
Microsoft Visual Studio Solution File, Format Version 12.00
# Visual Studio Version 17
VisualStudioVersion = 17.4.33122.133
MinimumVisualStudioVersion = 10.0.40219.1
Project("{FAE04EC0-301F-11D3-BF4B-00C04F79EFBC}") = "team1", "team1.csproj", "{CCC6678E-B69B-42D2-A48E-C76747BECF9A}"
EndProject
Global
	GlobalSection(SolutionConfigurationPlatforms) = preSolution
		Debug|Any CPU = Debug|Any CPU
		Release|Any CPU = Release|Any CPU
	EndGlobalSection
	GlobalSection(ProjectConfigurationPlatforms) = postSolution
		{CCC6678E-B69B-42D2-A48E-C76747BECF9A}.Debug|Any CPU.ActiveCfg = Debug|Any CPU
		{CCC6678E-B69B-42D2-A48E-C76747BECF9A}.Debug|Any CPU.Build.0 = Debug|Any CPU
		{CCC6678E-B69B-42D2-A48E-C76747BECF9A}.Release|Any CPU.ActiveCfg = Release|Any CPU
		{CCC6678E-B69B-42D2-A48E-C76747BECF9A}.Release|Any CPU.Build.0 = Release|Any CPU
	EndGlobalSection
	GlobalSection(SolutionProperties) = preSolution
		HideSolutionNode = FALSE
	EndGlobalSection
	GlobalSection(ExtensibilityGlobals) = postSolution
		SolutionGuid = {5C659007-2797-4DAD-906B-4B2BDD2C37FF}
	EndGlobalSection
EndGlobal
